// !$*UTF8*$!
{
	archiveVersion = 1;
	classes = {
	};
	objectVersion = 56;
	objects = {

/* Begin PBXBuildFile section */
		8B1CA7EE8699033DFF7724A8 /* Pods_TrackerSnapshotTests.framework in Frameworks */ = {isa = PBXBuildFile; fileRef = EA1A2D2E40FBCB313793786D /* Pods_TrackerSnapshotTests.framework */; };
		E406D3082A783AD100DC9A7C /* CategoriesViewModel.swift in Sources */ = {isa = PBXBuildFile; fileRef = E406D3072A783AD100DC9A7C /* CategoriesViewModel.swift */; };
		E4262C672A7AD994003A1C22 /* Localizable.strings in Resources */ = {isa = PBXBuildFile; fileRef = E4262C692A7AD994003A1C22 /* Localizable.strings */; };
		E4262C6E2A7AE15B003A1C22 /* Localizable.stringsdict in Resources */ = {isa = PBXBuildFile; fileRef = E4262C702A7AE15B003A1C22 /* Localizable.stringsdict */; };
		E45C4C4A2A840258002A1B41 /* AnalyticsService.swift in Sources */ = {isa = PBXBuildFile; fileRef = E45C4C492A840258002A1B41 /* AnalyticsService.swift */; };
		E45C4C4C2A841779002A1B41 /* StatisticDelegate.swift in Sources */ = {isa = PBXBuildFile; fileRef = E45C4C4B2A841779002A1B41 /* StatisticDelegate.swift */; };
		E49077B92A73014A0042C620 /* OnboardingPageVC.swift in Sources */ = {isa = PBXBuildFile; fileRef = E49077B82A73014A0042C620 /* OnboardingPageVC.swift */; };
		E49077BB2A73018B0042C620 /* OnboardingSlideVC.swift in Sources */ = {isa = PBXBuildFile; fileRef = E49077BA2A73018B0042C620 /* OnboardingSlideVC.swift */; };
		E49077BD2A7302110042C620 /* OnboardingView.swift in Sources */ = {isa = PBXBuildFile; fileRef = E49077BC2A7302110042C620 /* OnboardingView.swift */; };
		E49077BF2A7304B90042C620 /* OnboardingDelegate.swift in Sources */ = {isa = PBXBuildFile; fileRef = E49077BE2A7304B90042C620 /* OnboardingDelegate.swift */; };
		E49077C12A7307760042C620 /* OnboardingPageVC+UIPageVCDataSource.swift in Sources */ = {isa = PBXBuildFile; fileRef = E49077C02A7307760042C620 /* OnboardingPageVC+UIPageVCDataSource.swift */; };
		E49077C32A730C100042C620 /* OnboardingPageVC+UIPagesVCDelegate.swift in Sources */ = {isa = PBXBuildFile; fileRef = E49077C22A730C100042C620 /* OnboardingPageVC+UIPagesVCDelegate.swift */; };
		E49077C82A7314AA0042C620 /* SplashScreenVC.swift in Sources */ = {isa = PBXBuildFile; fileRef = E49077C72A7314AA0042C620 /* SplashScreenVC.swift */; };
		E49077CA2A7314B20042C620 /* SplashScreenView.swift in Sources */ = {isa = PBXBuildFile; fileRef = E49077C92A7314B20042C620 /* SplashScreenView.swift */; };
		E49077CD2A7316550042C620 /* StoreManager.swift in Sources */ = {isa = PBXBuildFile; fileRef = E49077CC2A7316550042C620 /* StoreManager.swift */; };
		E49335182A82C952004AA246 /* TrackerSnapshotTests.swift in Sources */ = {isa = PBXBuildFile; fileRef = E49335172A82C952004AA246 /* TrackerSnapshotTests.swift */; };
		E49335202A82C9A3004AA246 /* SnapshotTesting in Frameworks */ = {isa = PBXBuildFile; productRef = E493351F2A82C9A3004AA246 /* SnapshotTesting */; };
		E49335232A82E0E5004AA246 /* FiltersView.swift in Sources */ = {isa = PBXBuildFile; fileRef = E49335222A82E0E5004AA246 /* FiltersView.swift */; };
		E49335252A82E0EC004AA246 /* FiltersVC.swift in Sources */ = {isa = PBXBuildFile; fileRef = E49335242A82E0EC004AA246 /* FiltersVC.swift */; };
		E49335272A82E0F7004AA246 /* FiltersDelegate.swift in Sources */ = {isa = PBXBuildFile; fileRef = E49335262A82E0F7004AA246 /* FiltersDelegate.swift */; };
		E49335292A82E74E004AA246 /* FiltersCell.swift in Sources */ = {isa = PBXBuildFile; fileRef = E49335282A82E74E004AA246 /* FiltersCell.swift */; };
		E493352B2A82E7F9004AA246 /* FiltersVC+UITableViewDataSource.swift in Sources */ = {isa = PBXBuildFile; fileRef = E493352A2A82E7F9004AA246 /* FiltersVC+UITableViewDataSource.swift */; };
		E493352D2A82EC8B004AA246 /* FIltersVC+UITableViewDelegate.swift in Sources */ = {isa = PBXBuildFile; fileRef = E493352C2A82EC8B004AA246 /* FIltersVC+UITableViewDelegate.swift */; };
		E49F353B2A6EF2D300ECB5B9 /* CategoriesCellModel.swift in Sources */ = {isa = PBXBuildFile; fileRef = E49F353A2A6EF2D300ECB5B9 /* CategoriesCellModel.swift */; };
		E49FD4FD2A6AE671004DAA04 /* TrackerStore.swift in Sources */ = {isa = PBXBuildFile; fileRef = E49FD4FC2A6AE671004DAA04 /* TrackerStore.swift */; };
		E49FD4FF2A6AE67B004DAA04 /* TrackerCategoryStore.swift in Sources */ = {isa = PBXBuildFile; fileRef = E49FD4FE2A6AE67B004DAA04 /* TrackerCategoryStore.swift */; };
		E49FD5012A6AE685004DAA04 /* TrackerRecordStore.swift in Sources */ = {isa = PBXBuildFile; fileRef = E49FD5002A6AE685004DAA04 /* TrackerRecordStore.swift */; };
		E49FD5032A6C0F5E004DAA04 /* TrackerDataStoreProtocol.swift in Sources */ = {isa = PBXBuildFile; fileRef = E49FD5022A6C0F5E004DAA04 /* TrackerDataStoreProtocol.swift */; };
		E49FD5052A6C127E004DAA04 /* TrackerCategoryDataStoreProtocol.swift in Sources */ = {isa = PBXBuildFile; fileRef = E49FD5042A6C127E004DAA04 /* TrackerCategoryDataStoreProtocol.swift */; };
		E49FD5072A6C175F004DAA04 /* TrackerRecordDataStoreProtocol.swift in Sources */ = {isa = PBXBuildFile; fileRef = E49FD5062A6C175F004DAA04 /* TrackerRecordDataStoreProtocol.swift */; };
		E49FD50A2A6C17C7004DAA04 /* DataProvider.swift in Sources */ = {isa = PBXBuildFile; fileRef = E49FD5092A6C17C7004DAA04 /* DataProvider.swift */; };
		E49FD5112A6DD5C9004DAA04 /* DataProviderProtocol.swift in Sources */ = {isa = PBXBuildFile; fileRef = E49FD5102A6DD5C9004DAA04 /* DataProviderProtocol.swift */; };
		E49FD5142A6DD711004DAA04 /* DateManager.swift in Sources */ = {isa = PBXBuildFile; fileRef = E49FD5132A6DD711004DAA04 /* DateManager.swift */; };
		E4A9F68B2A5C8C3600FA6191 /* Tracker.swift in Sources */ = {isa = PBXBuildFile; fileRef = E4A9F68A2A5C8C3600FA6191 /* Tracker.swift */; };
		E4A9F68D2A5C8CDE00FA6191 /* TrackerCategory.swift in Sources */ = {isa = PBXBuildFile; fileRef = E4A9F68C2A5C8CDE00FA6191 /* TrackerCategory.swift */; };
		E4A9F68F2A5C8D4500FA6191 /* TrackerRecord.swift in Sources */ = {isa = PBXBuildFile; fileRef = E4A9F68E2A5C8D4500FA6191 /* TrackerRecord.swift */; };
		E4A9F6912A5C941900FA6191 /* GridGeometric.swift in Sources */ = {isa = PBXBuildFile; fileRef = E4A9F6902A5C941900FA6191 /* GridGeometric.swift */; };
		E4A9F6932A5C947000FA6191 /* HabitCollectionViewCell.swift in Sources */ = {isa = PBXBuildFile; fileRef = E4A9F6922A5C947000FA6191 /* HabitCollectionViewCell.swift */; };
		E4A9F6952A5C950100FA6191 /* CreateHabitVC+UICollectionViewDataSource.swift in Sources */ = {isa = PBXBuildFile; fileRef = E4A9F6942A5C950100FA6191 /* CreateHabitVC+UICollectionViewDataSource.swift */; };
		E4A9F6972A5C952D00FA6191 /* CreateHabitVC+UICollectionViewDelegate.swift in Sources */ = {isa = PBXBuildFile; fileRef = E4A9F6962A5C952D00FA6191 /* CreateHabitVC+UICollectionViewDelegate.swift */; };
		E4A9F6992A5CA8ED00FA6191 /* CollectionSupplementaryView.swift in Sources */ = {isa = PBXBuildFile; fileRef = E4A9F6982A5CA8ED00FA6191 /* CollectionSupplementaryView.swift */; };
		E4A9F69B2A5CB1E500FA6191 /* CreateHabitDelegate.swift in Sources */ = {isa = PBXBuildFile; fileRef = E4A9F69A2A5CB1E500FA6191 /* CreateHabitDelegate.swift */; };
		E4A9F6A12A5D806700FA6191 /* TrackersCell.swift in Sources */ = {isa = PBXBuildFile; fileRef = E4A9F6A02A5D806700FA6191 /* TrackersCell.swift */; };
		E4A9F6A32A5D842700FA6191 /* TrackersVC+UICollectionViewDataSource.swift in Sources */ = {isa = PBXBuildFile; fileRef = E4A9F6A22A5D842700FA6191 /* TrackersVC+UICollectionViewDataSource.swift */; };
		E4A9F6A52A5D86D900FA6191 /* TrackersVC+UICollectionViewDelegate.swift in Sources */ = {isa = PBXBuildFile; fileRef = E4A9F6A42A5D86D900FA6191 /* TrackersVC+UICollectionViewDelegate.swift */; };
		E4A9F6A72A5D8A2C00FA6191 /* TrackersSupplementaryView.swift in Sources */ = {isa = PBXBuildFile; fileRef = E4A9F6A62A5D8A2C00FA6191 /* TrackersSupplementaryView.swift */; };
		E4A9F6AB2A5DC41200FA6191 /* CategoriesCell.swift in Sources */ = {isa = PBXBuildFile; fileRef = E4A9F6AA2A5DC41200FA6191 /* CategoriesCell.swift */; };
		E4A9F6AD2A5DC60000FA6191 /* CategoriesVC+UITableViewDataSource.swift in Sources */ = {isa = PBXBuildFile; fileRef = E4A9F6AC2A5DC60000FA6191 /* CategoriesVC+UITableViewDataSource.swift */; };
		E4A9F6AF2A5DCA5F00FA6191 /* CategoriesVC+UITableViewDelegate.swift in Sources */ = {isa = PBXBuildFile; fileRef = E4A9F6AE2A5DCA5F00FA6191 /* CategoriesVC+UITableViewDelegate.swift */; };
		E4A9F6B32A5E0C2900FA6191 /* TrackersControllerDelegate.swift in Sources */ = {isa = PBXBuildFile; fileRef = E4A9F6B22A5E0C2900FA6191 /* TrackersControllerDelegate.swift */; };
		E4BDA6672A5C21B600B4DC88 /* AppDelegate.swift in Sources */ = {isa = PBXBuildFile; fileRef = E4BDA6662A5C21B600B4DC88 /* AppDelegate.swift */; };
		E4BDA6692A5C21B600B4DC88 /* SceneDelegate.swift in Sources */ = {isa = PBXBuildFile; fileRef = E4BDA6682A5C21B600B4DC88 /* SceneDelegate.swift */; };
		E4BDA66B2A5C21B600B4DC88 /* TrackersVC.swift in Sources */ = {isa = PBXBuildFile; fileRef = E4BDA66A2A5C21B600B4DC88 /* TrackersVC.swift */; };
		E4BDA6712A5C21B600B4DC88 /* Tracker.xcdatamodeld in Sources */ = {isa = PBXBuildFile; fileRef = E4BDA66F2A5C21B600B4DC88 /* Tracker.xcdatamodeld */; };
		E4BDA6732A5C21B700B4DC88 /* Assets.xcassets in Resources */ = {isa = PBXBuildFile; fileRef = E4BDA6722A5C21B700B4DC88 /* Assets.xcassets */; };
		E4BDA6762A5C21B700B4DC88 /* LaunchScreen.storyboard in Resources */ = {isa = PBXBuildFile; fileRef = E4BDA6742A5C21B700B4DC88 /* LaunchScreen.storyboard */; };
		E4BDA67E2A5C249900B4DC88 /* UIColor+Extension.swift in Sources */ = {isa = PBXBuildFile; fileRef = E4BDA67D2A5C249900B4DC88 /* UIColor+Extension.swift */; };
		E4BDA6822A5C270300B4DC88 /* TabBarController.swift in Sources */ = {isa = PBXBuildFile; fileRef = E4BDA6812A5C270300B4DC88 /* TabBarController.swift */; };
		E4BDA6852A5C274600B4DC88 /* StatisticVC.swift in Sources */ = {isa = PBXBuildFile; fileRef = E4BDA6842A5C274600B4DC88 /* StatisticVC.swift */; };
		E4BDA6892A5C328600B4DC88 /* SF-Pro-Text-Regular.otf in Resources */ = {isa = PBXBuildFile; fileRef = E4BDA6872A5C328600B4DC88 /* SF-Pro-Text-Regular.otf */; };
		E4BDA68A2A5C328600B4DC88 /* SF-Pro-Text-Bold.otf in Resources */ = {isa = PBXBuildFile; fileRef = E4BDA6882A5C328600B4DC88 /* SF-Pro-Text-Bold.otf */; };
		E4BDA68C2A5C33BE00B4DC88 /* TrackersView.swift in Sources */ = {isa = PBXBuildFile; fileRef = E4BDA68B2A5C33BE00B4DC88 /* TrackersView.swift */; };
		E4BDA68E2A5C3ED800B4DC88 /* StatisticView.swift in Sources */ = {isa = PBXBuildFile; fileRef = E4BDA68D2A5C3ED800B4DC88 /* StatisticView.swift */; };
		E4BDA6912A5C40E000B4DC88 /* CreateMainVC.swift in Sources */ = {isa = PBXBuildFile; fileRef = E4BDA6902A5C40E000B4DC88 /* CreateMainVC.swift */; };
		E4BDA6932A5C40EC00B4DC88 /* CreateMainView.swift in Sources */ = {isa = PBXBuildFile; fileRef = E4BDA6922A5C40EC00B4DC88 /* CreateMainView.swift */; };
		E4BDA6962A5C4DE800B4DC88 /* CreateHabitVC.swift in Sources */ = {isa = PBXBuildFile; fileRef = E4BDA6952A5C4DE800B4DC88 /* CreateHabitVC.swift */; };
		E4BDA6982A5C4DF300B4DC88 /* CreateHabitView.swift in Sources */ = {isa = PBXBuildFile; fileRef = E4BDA6972A5C4DF300B4DC88 /* CreateHabitView.swift */; };
		E4BDA69A2A5C507F00B4DC88 /* CreateMainDelegate.swift in Sources */ = {isa = PBXBuildFile; fileRef = E4BDA6992A5C507F00B4DC88 /* CreateMainDelegate.swift */; };
		E4BDA69C2A5C622B00B4DC88 /* CreateHabitCell.swift in Sources */ = {isa = PBXBuildFile; fileRef = E4BDA69B2A5C622B00B4DC88 /* CreateHabitCell.swift */; };
		E4BDA69E2A5C637F00B4DC88 /* CreateHabitVC+UITableViewDataSource.swift in Sources */ = {isa = PBXBuildFile; fileRef = E4BDA69D2A5C637F00B4DC88 /* CreateHabitVC+UITableViewDataSource.swift */; };
		E4BDA6A02A5C65CA00B4DC88 /* CreateHabitVC+UITableViewDelegate.swift in Sources */ = {isa = PBXBuildFile; fileRef = E4BDA69F2A5C65CA00B4DC88 /* CreateHabitVC+UITableViewDelegate.swift */; };
		E4BDA6A32A5C74F300B4DC88 /* CategoriesVC.swift in Sources */ = {isa = PBXBuildFile; fileRef = E4BDA6A22A5C74F300B4DC88 /* CategoriesVC.swift */; };
		E4BDA6A52A5C74FB00B4DC88 /* CategoriesView.swift in Sources */ = {isa = PBXBuildFile; fileRef = E4BDA6A42A5C74FB00B4DC88 /* CategoriesView.swift */; };
		E4BDA6AA2A5C797400B4DC88 /* NewCategoryVC.swift in Sources */ = {isa = PBXBuildFile; fileRef = E4BDA6A92A5C797400B4DC88 /* NewCategoryVC.swift */; };
		E4BDA6AC2A5C797F00B4DC88 /* NewCategoryView.swift in Sources */ = {isa = PBXBuildFile; fileRef = E4BDA6AB2A5C797F00B4DC88 /* NewCategoryView.swift */; };
		E4BDA6AE2A5C7AB600B4DC88 /* CategoriesDelegate.swift in Sources */ = {isa = PBXBuildFile; fileRef = E4BDA6AD2A5C7AB600B4DC88 /* CategoriesDelegate.swift */; };
		E4BDA6B02A5C7B6100B4DC88 /* NewCategoryDelegate.swift in Sources */ = {isa = PBXBuildFile; fileRef = E4BDA6AF2A5C7B6100B4DC88 /* NewCategoryDelegate.swift */; };
		E4BDA6B32A5C7CDB00B4DC88 /* ScheduleVC.swift in Sources */ = {isa = PBXBuildFile; fileRef = E4BDA6B22A5C7CDB00B4DC88 /* ScheduleVC.swift */; };
		E4BDA6B52A5C7CEA00B4DC88 /* ScheduleView.swift in Sources */ = {isa = PBXBuildFile; fileRef = E4BDA6B42A5C7CEA00B4DC88 /* ScheduleView.swift */; };
		E4BDA6B72A5C7D7300B4DC88 /* DayOfWeek.swift in Sources */ = {isa = PBXBuildFile; fileRef = E4BDA6B62A5C7D7300B4DC88 /* DayOfWeek.swift */; };
		E4BDA6B92A5C7F4400B4DC88 /* ScheduleVC+UITableViewDataSource.swift in Sources */ = {isa = PBXBuildFile; fileRef = E4BDA6B82A5C7F4400B4DC88 /* ScheduleVC+UITableViewDataSource.swift */; };
		E4BDA6BB2A5C7F6000B4DC88 /* ScheduleCell.swift in Sources */ = {isa = PBXBuildFile; fileRef = E4BDA6BA2A5C7F6000B4DC88 /* ScheduleCell.swift */; };
		E4BDA6BD2A5C810A00B4DC88 /* ScheduleDelegate.swift in Sources */ = {isa = PBXBuildFile; fileRef = E4BDA6BC2A5C810A00B4DC88 /* ScheduleDelegate.swift */; };
		E64F52B876B1F3B024278CC9 /* Pods_Tracker.framework in Frameworks */ = {isa = PBXBuildFile; fileRef = 43B3960D8ADDF29A0271944C /* Pods_Tracker.framework */; };
/* End PBXBuildFile section */

/* Begin PBXContainerItemProxy section */
		E49335192A82C952004AA246 /* PBXContainerItemProxy */ = {
			isa = PBXContainerItemProxy;
			containerPortal = E4BDA65B2A5C21B600B4DC88 /* Project object */;
			proxyType = 1;
			remoteGlobalIDString = E4BDA6622A5C21B600B4DC88;
			remoteInfo = Tracker;
		};
/* End PBXContainerItemProxy section */

/* Begin PBXFileReference section */
		0EEBB5CAA30F809E729FB1E1 /* Pods-TrackerSnapshotTests.release.xcconfig */ = {isa = PBXFileReference; includeInIndex = 1; lastKnownFileType = text.xcconfig; name = "Pods-TrackerSnapshotTests.release.xcconfig"; path = "Target Support Files/Pods-TrackerSnapshotTests/Pods-TrackerSnapshotTests.release.xcconfig"; sourceTree = "<group>"; };
		383ACDACCC83B7AD32A6790C /* Pods-Tracker.release.xcconfig */ = {isa = PBXFileReference; includeInIndex = 1; lastKnownFileType = text.xcconfig; name = "Pods-Tracker.release.xcconfig"; path = "Target Support Files/Pods-Tracker/Pods-Tracker.release.xcconfig"; sourceTree = "<group>"; };
		43B3960D8ADDF29A0271944C /* Pods_Tracker.framework */ = {isa = PBXFileReference; explicitFileType = wrapper.framework; includeInIndex = 0; path = Pods_Tracker.framework; sourceTree = BUILT_PRODUCTS_DIR; };
		5C1CB62C1011D0F7BB3CBC88 /* Pods-TrackerSnapshotTests.debug.xcconfig */ = {isa = PBXFileReference; includeInIndex = 1; lastKnownFileType = text.xcconfig; name = "Pods-TrackerSnapshotTests.debug.xcconfig"; path = "Target Support Files/Pods-TrackerSnapshotTests/Pods-TrackerSnapshotTests.debug.xcconfig"; sourceTree = "<group>"; };
		7F9018070952E640397C16AB /* Pods-Tracker.debug.xcconfig */ = {isa = PBXFileReference; includeInIndex = 1; lastKnownFileType = text.xcconfig; name = "Pods-Tracker.debug.xcconfig"; path = "Target Support Files/Pods-Tracker/Pods-Tracker.debug.xcconfig"; sourceTree = "<group>"; };
		E406D3072A783AD100DC9A7C /* CategoriesViewModel.swift */ = {isa = PBXFileReference; lastKnownFileType = sourcecode.swift; path = CategoriesViewModel.swift; sourceTree = "<group>"; };
		E4262C6B2A7AD9C5003A1C22 /* ru */ = {isa = PBXFileReference; lastKnownFileType = text.plist.strings; name = ru; path = ru.lproj/Localizable.strings; sourceTree = "<group>"; };
		E4262C6F2A7AE15B003A1C22 /* ru */ = {isa = PBXFileReference; lastKnownFileType = text.plist.stringsdict; name = ru; path = ru.lproj/Localizable.stringsdict; sourceTree = "<group>"; };
		E45C4C492A840258002A1B41 /* AnalyticsService.swift */ = {isa = PBXFileReference; lastKnownFileType = sourcecode.swift; path = AnalyticsService.swift; sourceTree = "<group>"; };
		E45C4C4B2A841779002A1B41 /* StatisticDelegate.swift */ = {isa = PBXFileReference; lastKnownFileType = sourcecode.swift; path = StatisticDelegate.swift; sourceTree = "<group>"; };
		E45C4C532A841C21002A1B41 /* en */ = {isa = PBXFileReference; lastKnownFileType = text.plist.strings; name = en; path = en.lproj/Localizable.strings; sourceTree = "<group>"; };
		E45C4C542A841C9C002A1B41 /* en */ = {isa = PBXFileReference; lastKnownFileType = text.plist.stringsdict; name = en; path = en.lproj/Localizable.stringsdict; sourceTree = "<group>"; };
		E49077B82A73014A0042C620 /* OnboardingPageVC.swift */ = {isa = PBXFileReference; lastKnownFileType = sourcecode.swift; path = OnboardingPageVC.swift; sourceTree = "<group>"; };
		E49077BA2A73018B0042C620 /* OnboardingSlideVC.swift */ = {isa = PBXFileReference; lastKnownFileType = sourcecode.swift; path = OnboardingSlideVC.swift; sourceTree = "<group>"; };
		E49077BC2A7302110042C620 /* OnboardingView.swift */ = {isa = PBXFileReference; lastKnownFileType = sourcecode.swift; path = OnboardingView.swift; sourceTree = "<group>"; };
		E49077BE2A7304B90042C620 /* OnboardingDelegate.swift */ = {isa = PBXFileReference; lastKnownFileType = sourcecode.swift; path = OnboardingDelegate.swift; sourceTree = "<group>"; };
		E49077C02A7307760042C620 /* OnboardingPageVC+UIPageVCDataSource.swift */ = {isa = PBXFileReference; lastKnownFileType = sourcecode.swift; path = "OnboardingPageVC+UIPageVCDataSource.swift"; sourceTree = "<group>"; };
		E49077C22A730C100042C620 /* OnboardingPageVC+UIPagesVCDelegate.swift */ = {isa = PBXFileReference; lastKnownFileType = sourcecode.swift; path = "OnboardingPageVC+UIPagesVCDelegate.swift"; sourceTree = "<group>"; };
		E49077C72A7314AA0042C620 /* SplashScreenVC.swift */ = {isa = PBXFileReference; lastKnownFileType = sourcecode.swift; path = SplashScreenVC.swift; sourceTree = "<group>"; };
		E49077C92A7314B20042C620 /* SplashScreenView.swift */ = {isa = PBXFileReference; lastKnownFileType = sourcecode.swift; path = SplashScreenView.swift; sourceTree = "<group>"; };
		E49077CC2A7316550042C620 /* StoreManager.swift */ = {isa = PBXFileReference; lastKnownFileType = sourcecode.swift; path = StoreManager.swift; sourceTree = "<group>"; };
		E49335152A82C952004AA246 /* TrackerSnapshotTests.xctest */ = {isa = PBXFileReference; explicitFileType = wrapper.cfbundle; includeInIndex = 0; path = TrackerSnapshotTests.xctest; sourceTree = BUILT_PRODUCTS_DIR; };
		E49335172A82C952004AA246 /* TrackerSnapshotTests.swift */ = {isa = PBXFileReference; lastKnownFileType = sourcecode.swift; path = TrackerSnapshotTests.swift; sourceTree = "<group>"; };
		E49335222A82E0E5004AA246 /* FiltersView.swift */ = {isa = PBXFileReference; lastKnownFileType = sourcecode.swift; path = FiltersView.swift; sourceTree = "<group>"; };
		E49335242A82E0EC004AA246 /* FiltersVC.swift */ = {isa = PBXFileReference; lastKnownFileType = sourcecode.swift; path = FiltersVC.swift; sourceTree = "<group>"; };
		E49335262A82E0F7004AA246 /* FiltersDelegate.swift */ = {isa = PBXFileReference; lastKnownFileType = sourcecode.swift; path = FiltersDelegate.swift; sourceTree = "<group>"; };
		E49335282A82E74E004AA246 /* FiltersCell.swift */ = {isa = PBXFileReference; lastKnownFileType = sourcecode.swift; path = FiltersCell.swift; sourceTree = "<group>"; };
		E493352A2A82E7F9004AA246 /* FiltersVC+UITableViewDataSource.swift */ = {isa = PBXFileReference; lastKnownFileType = sourcecode.swift; path = "FiltersVC+UITableViewDataSource.swift"; sourceTree = "<group>"; };
		E493352C2A82EC8B004AA246 /* FIltersVC+UITableViewDelegate.swift */ = {isa = PBXFileReference; lastKnownFileType = sourcecode.swift; path = "FIltersVC+UITableViewDelegate.swift"; sourceTree = "<group>"; };
		E49F353A2A6EF2D300ECB5B9 /* CategoriesCellModel.swift */ = {isa = PBXFileReference; lastKnownFileType = sourcecode.swift; path = CategoriesCellModel.swift; sourceTree = "<group>"; };
		E49FD4FC2A6AE671004DAA04 /* TrackerStore.swift */ = {isa = PBXFileReference; lastKnownFileType = sourcecode.swift; path = TrackerStore.swift; sourceTree = "<group>"; };
		E49FD4FE2A6AE67B004DAA04 /* TrackerCategoryStore.swift */ = {isa = PBXFileReference; lastKnownFileType = sourcecode.swift; path = TrackerCategoryStore.swift; sourceTree = "<group>"; };
		E49FD5002A6AE685004DAA04 /* TrackerRecordStore.swift */ = {isa = PBXFileReference; lastKnownFileType = sourcecode.swift; path = TrackerRecordStore.swift; sourceTree = "<group>"; };
		E49FD5022A6C0F5E004DAA04 /* TrackerDataStoreProtocol.swift */ = {isa = PBXFileReference; lastKnownFileType = sourcecode.swift; path = TrackerDataStoreProtocol.swift; sourceTree = "<group>"; };
		E49FD5042A6C127E004DAA04 /* TrackerCategoryDataStoreProtocol.swift */ = {isa = PBXFileReference; lastKnownFileType = sourcecode.swift; path = TrackerCategoryDataStoreProtocol.swift; sourceTree = "<group>"; };
		E49FD5062A6C175F004DAA04 /* TrackerRecordDataStoreProtocol.swift */ = {isa = PBXFileReference; lastKnownFileType = sourcecode.swift; path = TrackerRecordDataStoreProtocol.swift; sourceTree = "<group>"; };
		E49FD5092A6C17C7004DAA04 /* DataProvider.swift */ = {isa = PBXFileReference; lastKnownFileType = sourcecode.swift; path = DataProvider.swift; sourceTree = "<group>"; };
		E49FD5102A6DD5C9004DAA04 /* DataProviderProtocol.swift */ = {isa = PBXFileReference; lastKnownFileType = sourcecode.swift; path = DataProviderProtocol.swift; sourceTree = "<group>"; };
		E49FD5132A6DD711004DAA04 /* DateManager.swift */ = {isa = PBXFileReference; lastKnownFileType = sourcecode.swift; path = DateManager.swift; sourceTree = "<group>"; };
		E4A9F68A2A5C8C3600FA6191 /* Tracker.swift */ = {isa = PBXFileReference; lastKnownFileType = sourcecode.swift; path = Tracker.swift; sourceTree = "<group>"; };
		E4A9F68C2A5C8CDE00FA6191 /* TrackerCategory.swift */ = {isa = PBXFileReference; lastKnownFileType = sourcecode.swift; path = TrackerCategory.swift; sourceTree = "<group>"; };
		E4A9F68E2A5C8D4500FA6191 /* TrackerRecord.swift */ = {isa = PBXFileReference; lastKnownFileType = sourcecode.swift; path = TrackerRecord.swift; sourceTree = "<group>"; };
		E4A9F6902A5C941900FA6191 /* GridGeometric.swift */ = {isa = PBXFileReference; lastKnownFileType = sourcecode.swift; path = GridGeometric.swift; sourceTree = "<group>"; };
		E4A9F6922A5C947000FA6191 /* HabitCollectionViewCell.swift */ = {isa = PBXFileReference; lastKnownFileType = sourcecode.swift; path = HabitCollectionViewCell.swift; sourceTree = "<group>"; };
		E4A9F6942A5C950100FA6191 /* CreateHabitVC+UICollectionViewDataSource.swift */ = {isa = PBXFileReference; lastKnownFileType = sourcecode.swift; path = "CreateHabitVC+UICollectionViewDataSource.swift"; sourceTree = "<group>"; };
		E4A9F6962A5C952D00FA6191 /* CreateHabitVC+UICollectionViewDelegate.swift */ = {isa = PBXFileReference; lastKnownFileType = sourcecode.swift; path = "CreateHabitVC+UICollectionViewDelegate.swift"; sourceTree = "<group>"; };
		E4A9F6982A5CA8ED00FA6191 /* CollectionSupplementaryView.swift */ = {isa = PBXFileReference; lastKnownFileType = sourcecode.swift; path = CollectionSupplementaryView.swift; sourceTree = "<group>"; };
		E4A9F69A2A5CB1E500FA6191 /* CreateHabitDelegate.swift */ = {isa = PBXFileReference; lastKnownFileType = sourcecode.swift; path = CreateHabitDelegate.swift; sourceTree = "<group>"; };
		E4A9F6A02A5D806700FA6191 /* TrackersCell.swift */ = {isa = PBXFileReference; lastKnownFileType = sourcecode.swift; path = TrackersCell.swift; sourceTree = "<group>"; };
		E4A9F6A22A5D842700FA6191 /* TrackersVC+UICollectionViewDataSource.swift */ = {isa = PBXFileReference; lastKnownFileType = sourcecode.swift; path = "TrackersVC+UICollectionViewDataSource.swift"; sourceTree = "<group>"; };
		E4A9F6A42A5D86D900FA6191 /* TrackersVC+UICollectionViewDelegate.swift */ = {isa = PBXFileReference; lastKnownFileType = sourcecode.swift; path = "TrackersVC+UICollectionViewDelegate.swift"; sourceTree = "<group>"; };
		E4A9F6A62A5D8A2C00FA6191 /* TrackersSupplementaryView.swift */ = {isa = PBXFileReference; lastKnownFileType = sourcecode.swift; path = TrackersSupplementaryView.swift; sourceTree = "<group>"; };
		E4A9F6AA2A5DC41200FA6191 /* CategoriesCell.swift */ = {isa = PBXFileReference; lastKnownFileType = sourcecode.swift; path = CategoriesCell.swift; sourceTree = "<group>"; };
		E4A9F6AC2A5DC60000FA6191 /* CategoriesVC+UITableViewDataSource.swift */ = {isa = PBXFileReference; lastKnownFileType = sourcecode.swift; path = "CategoriesVC+UITableViewDataSource.swift"; sourceTree = "<group>"; };
		E4A9F6AE2A5DCA5F00FA6191 /* CategoriesVC+UITableViewDelegate.swift */ = {isa = PBXFileReference; lastKnownFileType = sourcecode.swift; path = "CategoriesVC+UITableViewDelegate.swift"; sourceTree = "<group>"; };
		E4A9F6B22A5E0C2900FA6191 /* TrackersControllerDelegate.swift */ = {isa = PBXFileReference; lastKnownFileType = sourcecode.swift; path = TrackersControllerDelegate.swift; sourceTree = "<group>"; };
		E4BDA6632A5C21B600B4DC88 /* Tracker.app */ = {isa = PBXFileReference; explicitFileType = wrapper.application; includeInIndex = 0; path = Tracker.app; sourceTree = BUILT_PRODUCTS_DIR; };
		E4BDA6662A5C21B600B4DC88 /* AppDelegate.swift */ = {isa = PBXFileReference; lastKnownFileType = sourcecode.swift; path = AppDelegate.swift; sourceTree = "<group>"; };
		E4BDA6682A5C21B600B4DC88 /* SceneDelegate.swift */ = {isa = PBXFileReference; lastKnownFileType = sourcecode.swift; path = SceneDelegate.swift; sourceTree = "<group>"; };
		E4BDA66A2A5C21B600B4DC88 /* TrackersVC.swift */ = {isa = PBXFileReference; lastKnownFileType = sourcecode.swift; path = TrackersVC.swift; sourceTree = "<group>"; };
		E4BDA6702A5C21B600B4DC88 /* Tracker.xcdatamodel */ = {isa = PBXFileReference; lastKnownFileType = wrapper.xcdatamodel; path = Tracker.xcdatamodel; sourceTree = "<group>"; };
		E4BDA6722A5C21B700B4DC88 /* Assets.xcassets */ = {isa = PBXFileReference; lastKnownFileType = folder.assetcatalog; path = Assets.xcassets; sourceTree = "<group>"; };
		E4BDA6752A5C21B700B4DC88 /* Base */ = {isa = PBXFileReference; lastKnownFileType = file.storyboard; name = Base; path = Base.lproj/LaunchScreen.storyboard; sourceTree = "<group>"; };
		E4BDA6772A5C21B700B4DC88 /* Info.plist */ = {isa = PBXFileReference; lastKnownFileType = text.plist.xml; path = Info.plist; sourceTree = "<group>"; };
		E4BDA67D2A5C249900B4DC88 /* UIColor+Extension.swift */ = {isa = PBXFileReference; lastKnownFileType = sourcecode.swift; path = "UIColor+Extension.swift"; sourceTree = "<group>"; };
		E4BDA6812A5C270300B4DC88 /* TabBarController.swift */ = {isa = PBXFileReference; lastKnownFileType = sourcecode.swift; path = TabBarController.swift; sourceTree = "<group>"; };
		E4BDA6842A5C274600B4DC88 /* StatisticVC.swift */ = {isa = PBXFileReference; lastKnownFileType = sourcecode.swift; path = StatisticVC.swift; sourceTree = "<group>"; };
		E4BDA6872A5C328600B4DC88 /* SF-Pro-Text-Regular.otf */ = {isa = PBXFileReference; lastKnownFileType = file; path = "SF-Pro-Text-Regular.otf"; sourceTree = "<group>"; };
		E4BDA6882A5C328600B4DC88 /* SF-Pro-Text-Bold.otf */ = {isa = PBXFileReference; lastKnownFileType = file; path = "SF-Pro-Text-Bold.otf"; sourceTree = "<group>"; };
		E4BDA68B2A5C33BE00B4DC88 /* TrackersView.swift */ = {isa = PBXFileReference; lastKnownFileType = sourcecode.swift; path = TrackersView.swift; sourceTree = "<group>"; };
		E4BDA68D2A5C3ED800B4DC88 /* StatisticView.swift */ = {isa = PBXFileReference; lastKnownFileType = sourcecode.swift; path = StatisticView.swift; sourceTree = "<group>"; };
		E4BDA6902A5C40E000B4DC88 /* CreateMainVC.swift */ = {isa = PBXFileReference; lastKnownFileType = sourcecode.swift; path = CreateMainVC.swift; sourceTree = "<group>"; };
		E4BDA6922A5C40EC00B4DC88 /* CreateMainView.swift */ = {isa = PBXFileReference; lastKnownFileType = sourcecode.swift; path = CreateMainView.swift; sourceTree = "<group>"; };
		E4BDA6952A5C4DE800B4DC88 /* CreateHabitVC.swift */ = {isa = PBXFileReference; lastKnownFileType = sourcecode.swift; path = CreateHabitVC.swift; sourceTree = "<group>"; };
		E4BDA6972A5C4DF300B4DC88 /* CreateHabitView.swift */ = {isa = PBXFileReference; lastKnownFileType = sourcecode.swift; path = CreateHabitView.swift; sourceTree = "<group>"; };
		E4BDA6992A5C507F00B4DC88 /* CreateMainDelegate.swift */ = {isa = PBXFileReference; lastKnownFileType = sourcecode.swift; path = CreateMainDelegate.swift; sourceTree = "<group>"; };
		E4BDA69B2A5C622B00B4DC88 /* CreateHabitCell.swift */ = {isa = PBXFileReference; lastKnownFileType = sourcecode.swift; path = CreateHabitCell.swift; sourceTree = "<group>"; };
		E4BDA69D2A5C637F00B4DC88 /* CreateHabitVC+UITableViewDataSource.swift */ = {isa = PBXFileReference; lastKnownFileType = sourcecode.swift; path = "CreateHabitVC+UITableViewDataSource.swift"; sourceTree = "<group>"; };
		E4BDA69F2A5C65CA00B4DC88 /* CreateHabitVC+UITableViewDelegate.swift */ = {isa = PBXFileReference; lastKnownFileType = sourcecode.swift; path = "CreateHabitVC+UITableViewDelegate.swift"; sourceTree = "<group>"; };
		E4BDA6A22A5C74F300B4DC88 /* CategoriesVC.swift */ = {isa = PBXFileReference; lastKnownFileType = sourcecode.swift; path = CategoriesVC.swift; sourceTree = "<group>"; };
		E4BDA6A42A5C74FB00B4DC88 /* CategoriesView.swift */ = {isa = PBXFileReference; lastKnownFileType = sourcecode.swift; path = CategoriesView.swift; sourceTree = "<group>"; };
		E4BDA6A92A5C797400B4DC88 /* NewCategoryVC.swift */ = {isa = PBXFileReference; lastKnownFileType = sourcecode.swift; path = NewCategoryVC.swift; sourceTree = "<group>"; };
		E4BDA6AB2A5C797F00B4DC88 /* NewCategoryView.swift */ = {isa = PBXFileReference; lastKnownFileType = sourcecode.swift; path = NewCategoryView.swift; sourceTree = "<group>"; };
		E4BDA6AD2A5C7AB600B4DC88 /* CategoriesDelegate.swift */ = {isa = PBXFileReference; lastKnownFileType = sourcecode.swift; path = CategoriesDelegate.swift; sourceTree = "<group>"; };
		E4BDA6AF2A5C7B6100B4DC88 /* NewCategoryDelegate.swift */ = {isa = PBXFileReference; lastKnownFileType = sourcecode.swift; path = NewCategoryDelegate.swift; sourceTree = "<group>"; };
		E4BDA6B22A5C7CDB00B4DC88 /* ScheduleVC.swift */ = {isa = PBXFileReference; lastKnownFileType = sourcecode.swift; path = ScheduleVC.swift; sourceTree = "<group>"; };
		E4BDA6B42A5C7CEA00B4DC88 /* ScheduleView.swift */ = {isa = PBXFileReference; lastKnownFileType = sourcecode.swift; path = ScheduleView.swift; sourceTree = "<group>"; };
		E4BDA6B62A5C7D7300B4DC88 /* DayOfWeek.swift */ = {isa = PBXFileReference; lastKnownFileType = sourcecode.swift; path = DayOfWeek.swift; sourceTree = "<group>"; };
		E4BDA6B82A5C7F4400B4DC88 /* ScheduleVC+UITableViewDataSource.swift */ = {isa = PBXFileReference; lastKnownFileType = sourcecode.swift; path = "ScheduleVC+UITableViewDataSource.swift"; sourceTree = "<group>"; };
		E4BDA6BA2A5C7F6000B4DC88 /* ScheduleCell.swift */ = {isa = PBXFileReference; lastKnownFileType = sourcecode.swift; path = ScheduleCell.swift; sourceTree = "<group>"; };
		E4BDA6BC2A5C810A00B4DC88 /* ScheduleDelegate.swift */ = {isa = PBXFileReference; lastKnownFileType = sourcecode.swift; path = ScheduleDelegate.swift; sourceTree = "<group>"; };
		EA1A2D2E40FBCB313793786D /* Pods_TrackerSnapshotTests.framework */ = {isa = PBXFileReference; explicitFileType = wrapper.framework; includeInIndex = 0; path = Pods_TrackerSnapshotTests.framework; sourceTree = BUILT_PRODUCTS_DIR; };
/* End PBXFileReference section */

/* Begin PBXFrameworksBuildPhase section */
		E49335122A82C952004AA246 /* Frameworks */ = {
			isa = PBXFrameworksBuildPhase;
			buildActionMask = 2147483647;
			files = (
				E49335202A82C9A3004AA246 /* SnapshotTesting in Frameworks */,
				8B1CA7EE8699033DFF7724A8 /* Pods_TrackerSnapshotTests.framework in Frameworks */,
			);
			runOnlyForDeploymentPostprocessing = 0;
		};
		E4BDA6602A5C21B600B4DC88 /* Frameworks */ = {
			isa = PBXFrameworksBuildPhase;
			buildActionMask = 2147483647;
			files = (
				E64F52B876B1F3B024278CC9 /* Pods_Tracker.framework in Frameworks */,
			);
			runOnlyForDeploymentPostprocessing = 0;
		};
/* End PBXFrameworksBuildPhase section */

/* Begin PBXGroup section */
		E406D3062A783AC200DC9A7C /* ViewModel */ = {
			isa = PBXGroup;
			children = (
				E406D3072A783AD100DC9A7C /* CategoriesViewModel.swift */,
			);
			path = ViewModel;
			sourceTree = "<group>";
		};
		E4262C642A7AD97D003A1C22 /* Localization */ = {
			isa = PBXGroup;
			children = (
				E4262C692A7AD994003A1C22 /* Localizable.strings */,
				E4262C702A7AE15B003A1C22 /* Localizable.stringsdict */,
			);
			path = Localization;
			sourceTree = "<group>";
		};
		E45C4C482A84024C002A1B41 /* Analytics */ = {
			isa = PBXGroup;
			children = (
				E45C4C492A840258002A1B41 /* AnalyticsService.swift */,
			);
			path = Analytics;
			sourceTree = "<group>";
		};
		E49077B72A73008D0042C620 /* Onboarding */ = {
			isa = PBXGroup;
			children = (
				E49077B82A73014A0042C620 /* OnboardingPageVC.swift */,
				E49077BA2A73018B0042C620 /* OnboardingSlideVC.swift */,
				E49077BC2A7302110042C620 /* OnboardingView.swift */,
				E49077BE2A7304B90042C620 /* OnboardingDelegate.swift */,
				E49077C02A7307760042C620 /* OnboardingPageVC+UIPageVCDataSource.swift */,
				E49077C22A730C100042C620 /* OnboardingPageVC+UIPagesVCDelegate.swift */,
			);
			path = Onboarding;
			sourceTree = "<group>";
		};
		E49077C42A7314910042C620 /* SplashScreen */ = {
			isa = PBXGroup;
			children = (
				E49077C72A7314AA0042C620 /* SplashScreenVC.swift */,
				E49077C92A7314B20042C620 /* SplashScreenView.swift */,
			);
			path = SplashScreen;
			sourceTree = "<group>";
		};
		E49077CB2A7316470042C620 /* StoreManager */ = {
			isa = PBXGroup;
			children = (
				E49077CC2A7316550042C620 /* StoreManager.swift */,
			);
			path = StoreManager;
			sourceTree = "<group>";
		};
		E49335162A82C952004AA246 /* TrackerSnapshotTests */ = {
			isa = PBXGroup;
			children = (
				E49335172A82C952004AA246 /* TrackerSnapshotTests.swift */,
			);
			path = TrackerSnapshotTests;
			sourceTree = "<group>";
		};
		E49335212A82E0D2004AA246 /* FiltersScreen */ = {
			isa = PBXGroup;
			children = (
				E49335222A82E0E5004AA246 /* FiltersView.swift */,
				E49335242A82E0EC004AA246 /* FiltersVC.swift */,
				E49335262A82E0F7004AA246 /* FiltersDelegate.swift */,
				E49335282A82E74E004AA246 /* FiltersCell.swift */,
				E493352A2A82E7F9004AA246 /* FiltersVC+UITableViewDataSource.swift */,
				E493352C2A82EC8B004AA246 /* FIltersVC+UITableViewDelegate.swift */,
			);
			path = FiltersScreen;
			sourceTree = "<group>";
		};
		E49FD4F82A6AE63D004DAA04 /* Core Data */ = {
			isa = PBXGroup;
			children = (
				E49FD5122A6DD706004DAA04 /* Helpers */,
				E49FD5082A6C17BC004DAA04 /* DataProvider */,
				E49FD4FB2A6AE662004DAA04 /* DataStore */,
			);
			path = "Core Data";
			sourceTree = "<group>";
		};
		E49FD4FB2A6AE662004DAA04 /* DataStore */ = {
			isa = PBXGroup;
			children = (
				E49FD50F2A6DD4DC004DAA04 /* Protocol */,
				E49FD50E2A6DD4CF004DAA04 /* Store */,
			);
			path = DataStore;
			sourceTree = "<group>";
		};
		E49FD5082A6C17BC004DAA04 /* DataProvider */ = {
			isa = PBXGroup;
			children = (
				E49FD5092A6C17C7004DAA04 /* DataProvider.swift */,
				E49FD5102A6DD5C9004DAA04 /* DataProviderProtocol.swift */,
			);
			path = DataProvider;
			sourceTree = "<group>";
		};
		E49FD50E2A6DD4CF004DAA04 /* Store */ = {
			isa = PBXGroup;
			children = (
				E49FD4FC2A6AE671004DAA04 /* TrackerStore.swift */,
				E49FD4FE2A6AE67B004DAA04 /* TrackerCategoryStore.swift */,
				E49FD5002A6AE685004DAA04 /* TrackerRecordStore.swift */,
			);
			path = Store;
			sourceTree = "<group>";
		};
		E49FD50F2A6DD4DC004DAA04 /* Protocol */ = {
			isa = PBXGroup;
			children = (
				E49FD5022A6C0F5E004DAA04 /* TrackerDataStoreProtocol.swift */,
				E49FD5042A6C127E004DAA04 /* TrackerCategoryDataStoreProtocol.swift */,
				E49FD5062A6C175F004DAA04 /* TrackerRecordDataStoreProtocol.swift */,
			);
			path = Protocol;
			sourceTree = "<group>";
		};
		E49FD5122A6DD706004DAA04 /* Helpers */ = {
			isa = PBXGroup;
			children = (
				E49FD5132A6DD711004DAA04 /* DateManager.swift */,
			);
			path = Helpers;
			sourceTree = "<group>";
		};
		E4A9F6892A5C8C2D00FA6191 /* Model */ = {
			isa = PBXGroup;
			children = (
				E4A9F68A2A5C8C3600FA6191 /* Tracker.swift */,
				E4A9F68C2A5C8CDE00FA6191 /* TrackerCategory.swift */,
				E4A9F68E2A5C8D4500FA6191 /* TrackerRecord.swift */,
			);
			path = Model;
			sourceTree = "<group>";
		};
		E4A9F6B42A5E2D8500FA6191 /* Model */ = {
			isa = PBXGroup;
			children = (
				E4BDA6B62A5C7D7300B4DC88 /* DayOfWeek.swift */,
			);
			path = Model;
			sourceTree = "<group>";
		};
		E4A9F6B62A5E2DAA00FA6191 /* TableView */ = {
			isa = PBXGroup;
			children = (
				E4BDA6B82A5C7F4400B4DC88 /* ScheduleVC+UITableViewDataSource.swift */,
				E4BDA6BA2A5C7F6000B4DC88 /* ScheduleCell.swift */,
			);
			path = TableView;
			sourceTree = "<group>";
		};
		E4A9F6B72A5E2DC100FA6191 /* View */ = {
			isa = PBXGroup;
			children = (
				E4BDA6B22A5C7CDB00B4DC88 /* ScheduleVC.swift */,
				E4BDA6B42A5C7CEA00B4DC88 /* ScheduleView.swift */,
			);
			path = View;
			sourceTree = "<group>";
		};
		E4A9F6B82A5E2DCD00FA6191 /* Delegate */ = {
			isa = PBXGroup;
			children = (
				E4BDA6BC2A5C810A00B4DC88 /* ScheduleDelegate.swift */,
			);
			path = Delegate;
			sourceTree = "<group>";
		};
		E4A9F6B92A5E2DE300FA6191 /* View */ = {
			isa = PBXGroup;
			children = (
				E4BDA6AB2A5C797F00B4DC88 /* NewCategoryView.swift */,
				E4BDA6A92A5C797400B4DC88 /* NewCategoryVC.swift */,
			);
			path = View;
			sourceTree = "<group>";
		};
		E4A9F6BA2A5E2DF200FA6191 /* Delegate */ = {
			isa = PBXGroup;
			children = (
				E4BDA6AF2A5C7B6100B4DC88 /* NewCategoryDelegate.swift */,
			);
			path = Delegate;
			sourceTree = "<group>";
		};
		E4A9F6BB2A5E2DFC00FA6191 /* View */ = {
			isa = PBXGroup;
			children = (
				E4BDA6A42A5C74FB00B4DC88 /* CategoriesView.swift */,
				E4BDA6A22A5C74F300B4DC88 /* CategoriesVC.swift */,
			);
			path = View;
			sourceTree = "<group>";
		};
		E4A9F6BD2A5E2E1900FA6191 /* Delegate */ = {
			isa = PBXGroup;
			children = (
				E4BDA6AD2A5C7AB600B4DC88 /* CategoriesDelegate.swift */,
			);
			path = Delegate;
			sourceTree = "<group>";
		};
		E4A9F6BE2A5E2E2500FA6191 /* TableView */ = {
			isa = PBXGroup;
			children = (
				E4A9F6AE2A5DCA5F00FA6191 /* CategoriesVC+UITableViewDelegate.swift */,
				E4A9F6AC2A5DC60000FA6191 /* CategoriesVC+UITableViewDataSource.swift */,
				E4A9F6AA2A5DC41200FA6191 /* CategoriesCell.swift */,
				E49F353A2A6EF2D300ECB5B9 /* CategoriesCellModel.swift */,
			);
			path = TableView;
			sourceTree = "<group>";
		};
		E4A9F6BF2A5E2E3F00FA6191 /* View */ = {
			isa = PBXGroup;
			children = (
				E4BDA6952A5C4DE800B4DC88 /* CreateHabitVC.swift */,
				E4BDA6972A5C4DF300B4DC88 /* CreateHabitView.swift */,
			);
			path = View;
			sourceTree = "<group>";
		};
		E4A9F6C02A5E2E4E00FA6191 /* Delegate */ = {
			isa = PBXGroup;
			children = (
				E4A9F69A2A5CB1E500FA6191 /* CreateHabitDelegate.swift */,
			);
			path = Delegate;
			sourceTree = "<group>";
		};
		E4A9F6C12A5E2E5D00FA6191 /* Model */ = {
			isa = PBXGroup;
			children = (
				E4A9F6902A5C941900FA6191 /* GridGeometric.swift */,
			);
			path = Model;
			sourceTree = "<group>";
		};
		E4A9F6C22A5E2E6700FA6191 /* TableView */ = {
			isa = PBXGroup;
			children = (
				E4BDA69B2A5C622B00B4DC88 /* CreateHabitCell.swift */,
				E4BDA69D2A5C637F00B4DC88 /* CreateHabitVC+UITableViewDataSource.swift */,
				E4BDA69F2A5C65CA00B4DC88 /* CreateHabitVC+UITableViewDelegate.swift */,
			);
			path = TableView;
			sourceTree = "<group>";
		};
		E4A9F6C32A5E2E7600FA6191 /* CollectionView */ = {
			isa = PBXGroup;
			children = (
				E4A9F6982A5CA8ED00FA6191 /* CollectionSupplementaryView.swift */,
				E4A9F6942A5C950100FA6191 /* CreateHabitVC+UICollectionViewDataSource.swift */,
				E4A9F6962A5C952D00FA6191 /* CreateHabitVC+UICollectionViewDelegate.swift */,
				E4A9F6922A5C947000FA6191 /* HabitCollectionViewCell.swift */,
			);
			path = CollectionView;
			sourceTree = "<group>";
		};
		E4A9F6C42A5E2E9900FA6191 /* View */ = {
			isa = PBXGroup;
			children = (
				E4BDA6902A5C40E000B4DC88 /* CreateMainVC.swift */,
				E4BDA6922A5C40EC00B4DC88 /* CreateMainView.swift */,
			);
			path = View;
			sourceTree = "<group>";
		};
		E4A9F6C52A5E2EA400FA6191 /* Delegate */ = {
			isa = PBXGroup;
			children = (
				E4BDA6992A5C507F00B4DC88 /* CreateMainDelegate.swift */,
			);
			path = Delegate;
			sourceTree = "<group>";
		};
		E4A9F6C62A5E2EC000FA6191 /* View */ = {
			isa = PBXGroup;
			children = (
				E4BDA66A2A5C21B600B4DC88 /* TrackersVC.swift */,
				E4BDA68B2A5C33BE00B4DC88 /* TrackersView.swift */,
			);
			path = View;
			sourceTree = "<group>";
		};
		E4A9F6C72A5E2ECA00FA6191 /* CollectionView */ = {
			isa = PBXGroup;
			children = (
				E4A9F6A62A5D8A2C00FA6191 /* TrackersSupplementaryView.swift */,
				E4A9F6A42A5D86D900FA6191 /* TrackersVC+UICollectionViewDelegate.swift */,
				E4A9F6A22A5D842700FA6191 /* TrackersVC+UICollectionViewDataSource.swift */,
				E4A9F6A02A5D806700FA6191 /* TrackersCell.swift */,
			);
			path = CollectionView;
			sourceTree = "<group>";
		};
		E4A9F6C82A5E2EDD00FA6191 /* Delegate */ = {
			isa = PBXGroup;
			children = (
				E4A9F6B22A5E0C2900FA6191 /* TrackersControllerDelegate.swift */,
			);
			path = Delegate;
			sourceTree = "<group>";
		};
		E4A9F6C92A5E2F0D00FA6191 /* View */ = {
			isa = PBXGroup;
			children = (
				E4BDA6842A5C274600B4DC88 /* StatisticVC.swift */,
				E4BDA68D2A5C3ED800B4DC88 /* StatisticView.swift */,
			);
			path = View;
			sourceTree = "<group>";
		};
		E4BDA65A2A5C21B600B4DC88 = {
			isa = PBXGroup;
			children = (
				E4BDA6652A5C21B600B4DC88 /* Tracker */,
				E49335162A82C952004AA246 /* TrackerSnapshotTests */,
				E4BDA6642A5C21B600B4DC88 /* Products */,
				F7173B62B707ECB193412C58 /* Pods */,
				F3A26083B5FDDD2BE6206BE9 /* Frameworks */,
			);
			sourceTree = "<group>";
		};
		E4BDA6642A5C21B600B4DC88 /* Products */ = {
			isa = PBXGroup;
			children = (
				E4BDA6632A5C21B600B4DC88 /* Tracker.app */,
				E49335152A82C952004AA246 /* TrackerSnapshotTests.xctest */,
			);
			name = Products;
			sourceTree = "<group>";
		};
		E4BDA6652A5C21B600B4DC88 /* Tracker */ = {
			isa = PBXGroup;
			children = (
				E45C4C482A84024C002A1B41 /* Analytics */,
				E49335212A82E0D2004AA246 /* FiltersScreen */,
				E4262C642A7AD97D003A1C22 /* Localization */,
				E49077CB2A7316470042C620 /* StoreManager */,
				E49077C42A7314910042C620 /* SplashScreen */,
				E49077B72A73008D0042C620 /* Onboarding */,
				E49FD4F82A6AE63D004DAA04 /* Core Data */,
				E4BDA6B12A5C7CC500B4DC88 /* ScheduleScreen */,
				E4BDA6A82A5C796300B4DC88 /* NewCategoryScreen */,
				E4BDA6A12A5C74E300B4DC88 /* CategoriesScreen */,
				E4BDA6942A5C4DD700B4DC88 /* CreateHabitScreen */,
				E4BDA68F2A5C40CF00B4DC88 /* CreateMainScreen */,
				E4BDA6802A5C26E200B4DC88 /* TabBarController */,
				E4BDA67F2A5C268F00B4DC88 /* TrackersScreen */,
				E4BDA6832A5C272C00B4DC88 /* StatisticScreen */,
				E4BDA6862A5C326F00B4DC88 /* Fonts */,
				E4BDA6662A5C21B600B4DC88 /* AppDelegate.swift */,
				E4BDA6682A5C21B600B4DC88 /* SceneDelegate.swift */,
				E4BDA67D2A5C249900B4DC88 /* UIColor+Extension.swift */,
				E4BDA6722A5C21B700B4DC88 /* Assets.xcassets */,
				E4BDA6742A5C21B700B4DC88 /* LaunchScreen.storyboard */,
				E4BDA6772A5C21B700B4DC88 /* Info.plist */,
				E4BDA66F2A5C21B600B4DC88 /* Tracker.xcdatamodeld */,
			);
			path = Tracker;
			sourceTree = "<group>";
		};
		E4BDA67F2A5C268F00B4DC88 /* TrackersScreen */ = {
			isa = PBXGroup;
			children = (
				E4A9F6C82A5E2EDD00FA6191 /* Delegate */,
				E4A9F6C72A5E2ECA00FA6191 /* CollectionView */,
				E4A9F6C62A5E2EC000FA6191 /* View */,
				E4A9F6892A5C8C2D00FA6191 /* Model */,
			);
			path = TrackersScreen;
			sourceTree = "<group>";
		};
		E4BDA6802A5C26E200B4DC88 /* TabBarController */ = {
			isa = PBXGroup;
			children = (
				E4BDA6812A5C270300B4DC88 /* TabBarController.swift */,
			);
			path = TabBarController;
			sourceTree = "<group>";
		};
		E4BDA6832A5C272C00B4DC88 /* StatisticScreen */ = {
			isa = PBXGroup;
			children = (
				E4A9F6C92A5E2F0D00FA6191 /* View */,
				E45C4C4B2A841779002A1B41 /* StatisticDelegate.swift */,
			);
			path = StatisticScreen;
			sourceTree = "<group>";
		};
		E4BDA6862A5C326F00B4DC88 /* Fonts */ = {
			isa = PBXGroup;
			children = (
				E4BDA6882A5C328600B4DC88 /* SF-Pro-Text-Bold.otf */,
				E4BDA6872A5C328600B4DC88 /* SF-Pro-Text-Regular.otf */,
			);
			path = Fonts;
			sourceTree = "<group>";
		};
		E4BDA68F2A5C40CF00B4DC88 /* CreateMainScreen */ = {
			isa = PBXGroup;
			children = (
				E4A9F6C52A5E2EA400FA6191 /* Delegate */,
				E4A9F6C42A5E2E9900FA6191 /* View */,
			);
			path = CreateMainScreen;
			sourceTree = "<group>";
		};
		E4BDA6942A5C4DD700B4DC88 /* CreateHabitScreen */ = {
			isa = PBXGroup;
			children = (
				E4A9F6C32A5E2E7600FA6191 /* CollectionView */,
				E4A9F6C22A5E2E6700FA6191 /* TableView */,
				E4A9F6C12A5E2E5D00FA6191 /* Model */,
				E4A9F6C02A5E2E4E00FA6191 /* Delegate */,
				E4A9F6BF2A5E2E3F00FA6191 /* View */,
			);
			path = CreateHabitScreen;
			sourceTree = "<group>";
		};
		E4BDA6A12A5C74E300B4DC88 /* CategoriesScreen */ = {
			isa = PBXGroup;
			children = (
				E406D3062A783AC200DC9A7C /* ViewModel */,
				E4A9F6BE2A5E2E2500FA6191 /* TableView */,
				E4A9F6BD2A5E2E1900FA6191 /* Delegate */,
				E4A9F6BB2A5E2DFC00FA6191 /* View */,
			);
			path = CategoriesScreen;
			sourceTree = "<group>";
		};
		E4BDA6A82A5C796300B4DC88 /* NewCategoryScreen */ = {
			isa = PBXGroup;
			children = (
				E4A9F6BA2A5E2DF200FA6191 /* Delegate */,
				E4A9F6B92A5E2DE300FA6191 /* View */,
			);
			path = NewCategoryScreen;
			sourceTree = "<group>";
		};
		E4BDA6B12A5C7CC500B4DC88 /* ScheduleScreen */ = {
			isa = PBXGroup;
			children = (
				E4A9F6B82A5E2DCD00FA6191 /* Delegate */,
				E4A9F6B72A5E2DC100FA6191 /* View */,
				E4A9F6B62A5E2DAA00FA6191 /* TableView */,
				E4A9F6B42A5E2D8500FA6191 /* Model */,
			);
			path = ScheduleScreen;
			sourceTree = "<group>";
		};
		F3A26083B5FDDD2BE6206BE9 /* Frameworks */ = {
			isa = PBXGroup;
			children = (
				43B3960D8ADDF29A0271944C /* Pods_Tracker.framework */,
				EA1A2D2E40FBCB313793786D /* Pods_TrackerSnapshotTests.framework */,
			);
			name = Frameworks;
			sourceTree = "<group>";
		};
		F7173B62B707ECB193412C58 /* Pods */ = {
			isa = PBXGroup;
			children = (
				7F9018070952E640397C16AB /* Pods-Tracker.debug.xcconfig */,
				383ACDACCC83B7AD32A6790C /* Pods-Tracker.release.xcconfig */,
				5C1CB62C1011D0F7BB3CBC88 /* Pods-TrackerSnapshotTests.debug.xcconfig */,
				0EEBB5CAA30F809E729FB1E1 /* Pods-TrackerSnapshotTests.release.xcconfig */,
			);
			path = Pods;
			sourceTree = "<group>";
		};
/* End PBXGroup section */

/* Begin PBXNativeTarget section */
		E49335142A82C952004AA246 /* TrackerSnapshotTests */ = {
			isa = PBXNativeTarget;
			buildConfigurationList = E493351B2A82C952004AA246 /* Build configuration list for PBXNativeTarget "TrackerSnapshotTests" */;
			buildPhases = (
				822DBEB36343A8847A2DDD7E /* [CP] Check Pods Manifest.lock */,
				E49335112A82C952004AA246 /* Sources */,
				E49335122A82C952004AA246 /* Frameworks */,
				E49335132A82C952004AA246 /* Resources */,
			);
			buildRules = (
			);
			dependencies = (
				E493351A2A82C952004AA246 /* PBXTargetDependency */,
			);
			name = TrackerSnapshotTests;
			packageProductDependencies = (
				E493351F2A82C9A3004AA246 /* SnapshotTesting */,
			);
			productName = TrackerSnapshotTests;
			productReference = E49335152A82C952004AA246 /* TrackerSnapshotTests.xctest */;
			productType = "com.apple.product-type.bundle.unit-test";
		};
		E4BDA6622A5C21B600B4DC88 /* Tracker */ = {
			isa = PBXNativeTarget;
			buildConfigurationList = E4BDA67A2A5C21B700B4DC88 /* Build configuration list for PBXNativeTarget "Tracker" */;
			buildPhases = (
				39580861D06AEB917A4596F7 /* [CP] Check Pods Manifest.lock */,
				E4BDA65F2A5C21B600B4DC88 /* Sources */,
				E4BDA6602A5C21B600B4DC88 /* Frameworks */,
				E4BDA6612A5C21B600B4DC88 /* Resources */,
				8B1F8F7ED9C7641C5F6E5E4C /* [CP] Embed Pods Frameworks */,
			);
			buildRules = (
			);
			dependencies = (
			);
			name = Tracker;
			productName = Tracker;
			productReference = E4BDA6632A5C21B600B4DC88 /* Tracker.app */;
			productType = "com.apple.product-type.application";
		};
/* End PBXNativeTarget section */

/* Begin PBXProject section */
		E4BDA65B2A5C21B600B4DC88 /* Project object */ = {
			isa = PBXProject;
			attributes = {
				BuildIndependentTargetsInParallel = 1;
				LastSwiftUpdateCheck = 1410;
				LastUpgradeCheck = 1410;
				TargetAttributes = {
					E49335142A82C952004AA246 = {
						CreatedOnToolsVersion = 14.1;
						TestTargetID = E4BDA6622A5C21B600B4DC88;
					};
					E4BDA6622A5C21B600B4DC88 = {
						CreatedOnToolsVersion = 14.1;
					};
				};
			};
			buildConfigurationList = E4BDA65E2A5C21B600B4DC88 /* Build configuration list for PBXProject "Tracker" */;
			compatibilityVersion = "Xcode 14.0";
			developmentRegion = en;
			hasScannedForEncodings = 0;
			knownRegions = (
				en,
				Base,
				ru,
			);
			mainGroup = E4BDA65A2A5C21B600B4DC88;
			packageReferences = (
				E493351E2A82C9A3004AA246 /* XCRemoteSwiftPackageReference "swift-snapshot-testing" */,
			);
			productRefGroup = E4BDA6642A5C21B600B4DC88 /* Products */;
			projectDirPath = "";
			projectRoot = "";
			targets = (
				E4BDA6622A5C21B600B4DC88 /* Tracker */,
				E49335142A82C952004AA246 /* TrackerSnapshotTests */,
			);
		};
/* End PBXProject section */

/* Begin PBXResourcesBuildPhase section */
		E49335132A82C952004AA246 /* Resources */ = {
			isa = PBXResourcesBuildPhase;
			buildActionMask = 2147483647;
			files = (
			);
			runOnlyForDeploymentPostprocessing = 0;
		};
		E4BDA6612A5C21B600B4DC88 /* Resources */ = {
			isa = PBXResourcesBuildPhase;
			buildActionMask = 2147483647;
			files = (
				E4262C672A7AD994003A1C22 /* Localizable.strings in Resources */,
				E4BDA6762A5C21B700B4DC88 /* LaunchScreen.storyboard in Resources */,
				E4BDA68A2A5C328600B4DC88 /* SF-Pro-Text-Bold.otf in Resources */,
				E4BDA6732A5C21B700B4DC88 /* Assets.xcassets in Resources */,
				E4BDA6892A5C328600B4DC88 /* SF-Pro-Text-Regular.otf in Resources */,
				E4262C6E2A7AE15B003A1C22 /* Localizable.stringsdict in Resources */,
			);
			runOnlyForDeploymentPostprocessing = 0;
		};
/* End PBXResourcesBuildPhase section */

/* Begin PBXShellScriptBuildPhase section */
		39580861D06AEB917A4596F7 /* [CP] Check Pods Manifest.lock */ = {
			isa = PBXShellScriptBuildPhase;
			buildActionMask = 2147483647;
			files = (
			);
			inputFileListPaths = (
			);
			inputPaths = (
				"${PODS_PODFILE_DIR_PATH}/Podfile.lock",
				"${PODS_ROOT}/Manifest.lock",
			);
			name = "[CP] Check Pods Manifest.lock";
			outputFileListPaths = (
			);
			outputPaths = (
				"$(DERIVED_FILE_DIR)/Pods-Tracker-checkManifestLockResult.txt",
			);
			runOnlyForDeploymentPostprocessing = 0;
			shellPath = /bin/sh;
			shellScript = "diff \"${PODS_PODFILE_DIR_PATH}/Podfile.lock\" \"${PODS_ROOT}/Manifest.lock\" > /dev/null\nif [ $? != 0 ] ; then\n    # print error to STDERR\n    echo \"error: The sandbox is not in sync with the Podfile.lock. Run 'pod install' or update your CocoaPods installation.\" >&2\n    exit 1\nfi\n# This output is used by Xcode 'outputs' to avoid re-running this script phase.\necho \"SUCCESS\" > \"${SCRIPT_OUTPUT_FILE_0}\"\n";
			showEnvVarsInLog = 0;
		};
		822DBEB36343A8847A2DDD7E /* [CP] Check Pods Manifest.lock */ = {
			isa = PBXShellScriptBuildPhase;
			buildActionMask = 2147483647;
			files = (
			);
			inputFileListPaths = (
			);
			inputPaths = (
				"${PODS_PODFILE_DIR_PATH}/Podfile.lock",
				"${PODS_ROOT}/Manifest.lock",
			);
			name = "[CP] Check Pods Manifest.lock";
			outputFileListPaths = (
			);
			outputPaths = (
				"$(DERIVED_FILE_DIR)/Pods-TrackerSnapshotTests-checkManifestLockResult.txt",
			);
			runOnlyForDeploymentPostprocessing = 0;
			shellPath = /bin/sh;
			shellScript = "diff \"${PODS_PODFILE_DIR_PATH}/Podfile.lock\" \"${PODS_ROOT}/Manifest.lock\" > /dev/null\nif [ $? != 0 ] ; then\n    # print error to STDERR\n    echo \"error: The sandbox is not in sync with the Podfile.lock. Run 'pod install' or update your CocoaPods installation.\" >&2\n    exit 1\nfi\n# This output is used by Xcode 'outputs' to avoid re-running this script phase.\necho \"SUCCESS\" > \"${SCRIPT_OUTPUT_FILE_0}\"\n";
			showEnvVarsInLog = 0;
		};
		8B1F8F7ED9C7641C5F6E5E4C /* [CP] Embed Pods Frameworks */ = {
			isa = PBXShellScriptBuildPhase;
			buildActionMask = 2147483647;
			files = (
			);
			inputFileListPaths = (
				"${PODS_ROOT}/Target Support Files/Pods-Tracker/Pods-Tracker-frameworks-${CONFIGURATION}-input-files.xcfilelist",
			);
			name = "[CP] Embed Pods Frameworks";
			outputFileListPaths = (
				"${PODS_ROOT}/Target Support Files/Pods-Tracker/Pods-Tracker-frameworks-${CONFIGURATION}-output-files.xcfilelist",
			);
			runOnlyForDeploymentPostprocessing = 0;
			shellPath = /bin/sh;
			shellScript = "\"${PODS_ROOT}/Target Support Files/Pods-Tracker/Pods-Tracker-frameworks.sh\"\n";
			showEnvVarsInLog = 0;
		};
/* End PBXShellScriptBuildPhase section */

/* Begin PBXSourcesBuildPhase section */
		E49335112A82C952004AA246 /* Sources */ = {
			isa = PBXSourcesBuildPhase;
			buildActionMask = 2147483647;
			files = (
				E49335182A82C952004AA246 /* TrackerSnapshotTests.swift in Sources */,
			);
			runOnlyForDeploymentPostprocessing = 0;
		};
		E4BDA65F2A5C21B600B4DC88 /* Sources */ = {
			isa = PBXSourcesBuildPhase;
			buildActionMask = 2147483647;
			files = (
				E4BDA6932A5C40EC00B4DC88 /* CreateMainView.swift in Sources */,
				E49077B92A73014A0042C620 /* OnboardingPageVC.swift in Sources */,
				E4A9F68D2A5C8CDE00FA6191 /* TrackerCategory.swift in Sources */,
				E4BDA6712A5C21B600B4DC88 /* Tracker.xcdatamodeld in Sources */,
				E49F353B2A6EF2D300ECB5B9 /* CategoriesCellModel.swift in Sources */,
				E49077C32A730C100042C620 /* OnboardingPageVC+UIPagesVCDelegate.swift in Sources */,
				E49077BD2A7302110042C620 /* OnboardingView.swift in Sources */,
				E45C4C4A2A840258002A1B41 /* AnalyticsService.swift in Sources */,
				E4BDA6B92A5C7F4400B4DC88 /* ScheduleVC+UITableViewDataSource.swift in Sources */,
				E49FD5112A6DD5C9004DAA04 /* DataProviderProtocol.swift in Sources */,
				E4BDA6B72A5C7D7300B4DC88 /* DayOfWeek.swift in Sources */,
				E406D3082A783AD100DC9A7C /* CategoriesViewModel.swift in Sources */,
				E49335292A82E74E004AA246 /* FiltersCell.swift in Sources */,
				E4A9F6972A5C952D00FA6191 /* CreateHabitVC+UICollectionViewDelegate.swift in Sources */,
				E49FD50A2A6C17C7004DAA04 /* DataProvider.swift in Sources */,
				E4A9F6912A5C941900FA6191 /* GridGeometric.swift in Sources */,
				E493352D2A82EC8B004AA246 /* FIltersVC+UITableViewDelegate.swift in Sources */,
				E49FD5072A6C175F004DAA04 /* TrackerRecordDataStoreProtocol.swift in Sources */,
				E4BDA6AE2A5C7AB600B4DC88 /* CategoriesDelegate.swift in Sources */,
				E493352B2A82E7F9004AA246 /* FiltersVC+UITableViewDataSource.swift in Sources */,
				E4BDA66B2A5C21B600B4DC88 /* TrackersVC.swift in Sources */,
				E4BDA6AA2A5C797400B4DC88 /* NewCategoryVC.swift in Sources */,
				E4BDA6912A5C40E000B4DC88 /* CreateMainVC.swift in Sources */,
				E4BDA6852A5C274600B4DC88 /* StatisticVC.swift in Sources */,
				E4BDA6A52A5C74FB00B4DC88 /* CategoriesView.swift in Sources */,
				E49FD4FF2A6AE67B004DAA04 /* TrackerCategoryStore.swift in Sources */,
				E4BDA6BB2A5C7F6000B4DC88 /* ScheduleCell.swift in Sources */,
				E4BDA6982A5C4DF300B4DC88 /* CreateHabitView.swift in Sources */,
				E49077CA2A7314B20042C620 /* SplashScreenView.swift in Sources */,
				E4A9F68B2A5C8C3600FA6191 /* Tracker.swift in Sources */,
				E4BDA6AC2A5C797F00B4DC88 /* NewCategoryView.swift in Sources */,
				E49077BB2A73018B0042C620 /* OnboardingSlideVC.swift in Sources */,
				E4BDA6B52A5C7CEA00B4DC88 /* ScheduleView.swift in Sources */,
				E4BDA67E2A5C249900B4DC88 /* UIColor+Extension.swift in Sources */,
				E4A9F6A52A5D86D900FA6191 /* TrackersVC+UICollectionViewDelegate.swift in Sources */,
				E4BDA6BD2A5C810A00B4DC88 /* ScheduleDelegate.swift in Sources */,
				E49335252A82E0EC004AA246 /* FiltersVC.swift in Sources */,
				E49077C82A7314AA0042C620 /* SplashScreenVC.swift in Sources */,
				E49077BF2A7304B90042C620 /* OnboardingDelegate.swift in Sources */,
				E4BDA6822A5C270300B4DC88 /* TabBarController.swift in Sources */,
				E4A9F6952A5C950100FA6191 /* CreateHabitVC+UICollectionViewDataSource.swift in Sources */,
				E4A9F6992A5CA8ED00FA6191 /* CollectionSupplementaryView.swift in Sources */,
				E4BDA6B02A5C7B6100B4DC88 /* NewCategoryDelegate.swift in Sources */,
				E4BDA69C2A5C622B00B4DC88 /* CreateHabitCell.swift in Sources */,
				E4BDA69E2A5C637F00B4DC88 /* CreateHabitVC+UITableViewDataSource.swift in Sources */,
				E4A9F6AB2A5DC41200FA6191 /* CategoriesCell.swift in Sources */,
				E49335272A82E0F7004AA246 /* FiltersDelegate.swift in Sources */,
				E4BDA6962A5C4DE800B4DC88 /* CreateHabitVC.swift in Sources */,
				E4BDA6A02A5C65CA00B4DC88 /* CreateHabitVC+UITableViewDelegate.swift in Sources */,
				E4BDA6B32A5C7CDB00B4DC88 /* ScheduleVC.swift in Sources */,
				E4A9F68F2A5C8D4500FA6191 /* TrackerRecord.swift in Sources */,
				E4BDA6A32A5C74F300B4DC88 /* CategoriesVC.swift in Sources */,
				E4A9F69B2A5CB1E500FA6191 /* CreateHabitDelegate.swift in Sources */,
				E4BDA6672A5C21B600B4DC88 /* AppDelegate.swift in Sources */,
				E49077CD2A7316550042C620 /* StoreManager.swift in Sources */,
				E4A9F6A12A5D806700FA6191 /* TrackersCell.swift in Sources */,
				E4BDA6692A5C21B600B4DC88 /* SceneDelegate.swift in Sources */,
				E49077C12A7307760042C620 /* OnboardingPageVC+UIPageVCDataSource.swift in Sources */,
				E49FD4FD2A6AE671004DAA04 /* TrackerStore.swift in Sources */,
				E4A9F6AF2A5DCA5F00FA6191 /* CategoriesVC+UITableViewDelegate.swift in Sources */,
				E49335232A82E0E5004AA246 /* FiltersView.swift in Sources */,
				E45C4C4C2A841779002A1B41 /* StatisticDelegate.swift in Sources */,
				E4A9F6A32A5D842700FA6191 /* TrackersVC+UICollectionViewDataSource.swift in Sources */,
				E4A9F6B32A5E0C2900FA6191 /* TrackersControllerDelegate.swift in Sources */,
				E4A9F6AD2A5DC60000FA6191 /* CategoriesVC+UITableViewDataSource.swift in Sources */,
				E4BDA68E2A5C3ED800B4DC88 /* StatisticView.swift in Sources */,
				E49FD5012A6AE685004DAA04 /* TrackerRecordStore.swift in Sources */,
				E4BDA68C2A5C33BE00B4DC88 /* TrackersView.swift in Sources */,
				E4BDA69A2A5C507F00B4DC88 /* CreateMainDelegate.swift in Sources */,
				E49FD5032A6C0F5E004DAA04 /* TrackerDataStoreProtocol.swift in Sources */,
				E49FD5142A6DD711004DAA04 /* DateManager.swift in Sources */,
				E4A9F6932A5C947000FA6191 /* HabitCollectionViewCell.swift in Sources */,
				E49FD5052A6C127E004DAA04 /* TrackerCategoryDataStoreProtocol.swift in Sources */,
				E4A9F6A72A5D8A2C00FA6191 /* TrackersSupplementaryView.swift in Sources */,
			);
			runOnlyForDeploymentPostprocessing = 0;
		};
/* End PBXSourcesBuildPhase section */

/* Begin PBXTargetDependency section */
		E493351A2A82C952004AA246 /* PBXTargetDependency */ = {
			isa = PBXTargetDependency;
			target = E4BDA6622A5C21B600B4DC88 /* Tracker */;
			targetProxy = E49335192A82C952004AA246 /* PBXContainerItemProxy */;
		};
/* End PBXTargetDependency section */

/* Begin PBXVariantGroup section */
		E4262C692A7AD994003A1C22 /* Localizable.strings */ = {
			isa = PBXVariantGroup;
			children = (
				E4262C6B2A7AD9C5003A1C22 /* ru */,
				E45C4C532A841C21002A1B41 /* en */,
			);
			name = Localizable.strings;
			sourceTree = "<group>";
		};
		E4262C702A7AE15B003A1C22 /* Localizable.stringsdict */ = {
			isa = PBXVariantGroup;
			children = (
				E4262C6F2A7AE15B003A1C22 /* ru */,
				E45C4C542A841C9C002A1B41 /* en */,
			);
			name = Localizable.stringsdict;
			sourceTree = "<group>";
		};
		E4BDA6742A5C21B700B4DC88 /* LaunchScreen.storyboard */ = {
			isa = PBXVariantGroup;
			children = (
				E4BDA6752A5C21B700B4DC88 /* Base */,
			);
			name = LaunchScreen.storyboard;
			sourceTree = "<group>";
		};
/* End PBXVariantGroup section */

/* Begin XCBuildConfiguration section */
		E493351C2A82C952004AA246 /* Debug */ = {
			isa = XCBuildConfiguration;
			baseConfigurationReference = 5C1CB62C1011D0F7BB3CBC88 /* Pods-TrackerSnapshotTests.debug.xcconfig */;
			buildSettings = {
				BUNDLE_LOADER = "$(TEST_HOST)";
				CODE_SIGN_STYLE = Automatic;
				CURRENT_PROJECT_VERSION = 1;
				DEVELOPMENT_TEAM = GCW3JGYN77;
				GENERATE_INFOPLIST_FILE = YES;
				MARKETING_VERSION = 1.0;
				PRODUCT_BUNDLE_IDENTIFIER = "ru.r-yy.library-test.TrackerSnapshotTests";
				PRODUCT_NAME = "$(TARGET_NAME)";
				SWIFT_EMIT_LOC_STRINGS = NO;
				SWIFT_VERSION = 5.0;
				TARGETED_DEVICE_FAMILY = "1,2";
				TEST_HOST = "$(BUILT_PRODUCTS_DIR)/Tracker.app/$(BUNDLE_EXECUTABLE_FOLDER_PATH)/Tracker";
			};
			name = Debug;
		};
		E493351D2A82C952004AA246 /* Release */ = {
			isa = XCBuildConfiguration;
			baseConfigurationReference = 0EEBB5CAA30F809E729FB1E1 /* Pods-TrackerSnapshotTests.release.xcconfig */;
			buildSettings = {
				BUNDLE_LOADER = "$(TEST_HOST)";
				CODE_SIGN_STYLE = Automatic;
				CURRENT_PROJECT_VERSION = 1;
				DEVELOPMENT_TEAM = GCW3JGYN77;
				GENERATE_INFOPLIST_FILE = YES;
				MARKETING_VERSION = 1.0;
				PRODUCT_BUNDLE_IDENTIFIER = "ru.r-yy.library-test.TrackerSnapshotTests";
				PRODUCT_NAME = "$(TARGET_NAME)";
				SWIFT_EMIT_LOC_STRINGS = NO;
				SWIFT_VERSION = 5.0;
				TARGETED_DEVICE_FAMILY = "1,2";
				TEST_HOST = "$(BUILT_PRODUCTS_DIR)/Tracker.app/$(BUNDLE_EXECUTABLE_FOLDER_PATH)/Tracker";
			};
			name = Release;
		};
		E4BDA6782A5C21B700B4DC88 /* Debug */ = {
			isa = XCBuildConfiguration;
			buildSettings = {
				ALWAYS_SEARCH_USER_PATHS = NO;
				CLANG_ANALYZER_LOCALIZABILITY_NONLOCALIZED = YES;
				CLANG_ANALYZER_NONNULL = YES;
				CLANG_ANALYZER_NUMBER_OBJECT_CONVERSION = YES_AGGRESSIVE;
				CLANG_CXX_LANGUAGE_STANDARD = "gnu++20";
				CLANG_ENABLE_MODULES = YES;
				CLANG_ENABLE_OBJC_ARC = YES;
				CLANG_ENABLE_OBJC_WEAK = YES;
				CLANG_WARN_BLOCK_CAPTURE_AUTORELEASING = YES;
				CLANG_WARN_BOOL_CONVERSION = YES;
				CLANG_WARN_COMMA = YES;
				CLANG_WARN_CONSTANT_CONVERSION = YES;
				CLANG_WARN_DEPRECATED_OBJC_IMPLEMENTATIONS = YES;
				CLANG_WARN_DIRECT_OBJC_ISA_USAGE = YES_ERROR;
				CLANG_WARN_DOCUMENTATION_COMMENTS = YES;
				CLANG_WARN_EMPTY_BODY = YES;
				CLANG_WARN_ENUM_CONVERSION = YES;
				CLANG_WARN_INFINITE_RECURSION = YES;
				CLANG_WARN_INT_CONVERSION = YES;
				CLANG_WARN_NON_LITERAL_NULL_CONVERSION = YES;
				CLANG_WARN_OBJC_IMPLICIT_RETAIN_SELF = YES;
				CLANG_WARN_OBJC_LITERAL_CONVERSION = YES;
				CLANG_WARN_OBJC_ROOT_CLASS = YES_ERROR;
				CLANG_WARN_QUOTED_INCLUDE_IN_FRAMEWORK_HEADER = YES;
				CLANG_WARN_RANGE_LOOP_ANALYSIS = YES;
				CLANG_WARN_STRICT_PROTOTYPES = YES;
				CLANG_WARN_SUSPICIOUS_MOVE = YES;
				CLANG_WARN_UNGUARDED_AVAILABILITY = YES_AGGRESSIVE;
				CLANG_WARN_UNREACHABLE_CODE = YES;
				CLANG_WARN__DUPLICATE_METHOD_MATCH = YES;
				COPY_PHASE_STRIP = NO;
				DEBUG_INFORMATION_FORMAT = dwarf;
				ENABLE_STRICT_OBJC_MSGSEND = YES;
				ENABLE_TESTABILITY = YES;
				GCC_C_LANGUAGE_STANDARD = gnu11;
				GCC_DYNAMIC_NO_PIC = NO;
				GCC_NO_COMMON_BLOCKS = YES;
				GCC_OPTIMIZATION_LEVEL = 0;
				GCC_PREPROCESSOR_DEFINITIONS = (
					"DEBUG=1",
					"$(inherited)",
				);
				GCC_WARN_64_TO_32_BIT_CONVERSION = YES;
				GCC_WARN_ABOUT_RETURN_TYPE = YES_ERROR;
				GCC_WARN_UNDECLARED_SELECTOR = YES;
				GCC_WARN_UNINITIALIZED_AUTOS = YES_AGGRESSIVE;
				GCC_WARN_UNUSED_FUNCTION = YES;
				GCC_WARN_UNUSED_VARIABLE = YES;
				IPHONEOS_DEPLOYMENT_TARGET = 16.1;
				MTL_ENABLE_DEBUG_INFO = INCLUDE_SOURCE;
				MTL_FAST_MATH = YES;
				ONLY_ACTIVE_ARCH = YES;
				SDKROOT = iphoneos;
				SWIFT_ACTIVE_COMPILATION_CONDITIONS = DEBUG;
				SWIFT_OPTIMIZATION_LEVEL = "-Onone";
			};
			name = Debug;
		};
		E4BDA6792A5C21B700B4DC88 /* Release */ = {
			isa = XCBuildConfiguration;
			buildSettings = {
				ALWAYS_SEARCH_USER_PATHS = NO;
				CLANG_ANALYZER_LOCALIZABILITY_NONLOCALIZED = YES;
				CLANG_ANALYZER_NONNULL = YES;
				CLANG_ANALYZER_NUMBER_OBJECT_CONVERSION = YES_AGGRESSIVE;
				CLANG_CXX_LANGUAGE_STANDARD = "gnu++20";
				CLANG_ENABLE_MODULES = YES;
				CLANG_ENABLE_OBJC_ARC = YES;
				CLANG_ENABLE_OBJC_WEAK = YES;
				CLANG_WARN_BLOCK_CAPTURE_AUTORELEASING = YES;
				CLANG_WARN_BOOL_CONVERSION = YES;
				CLANG_WARN_COMMA = YES;
				CLANG_WARN_CONSTANT_CONVERSION = YES;
				CLANG_WARN_DEPRECATED_OBJC_IMPLEMENTATIONS = YES;
				CLANG_WARN_DIRECT_OBJC_ISA_USAGE = YES_ERROR;
				CLANG_WARN_DOCUMENTATION_COMMENTS = YES;
				CLANG_WARN_EMPTY_BODY = YES;
				CLANG_WARN_ENUM_CONVERSION = YES;
				CLANG_WARN_INFINITE_RECURSION = YES;
				CLANG_WARN_INT_CONVERSION = YES;
				CLANG_WARN_NON_LITERAL_NULL_CONVERSION = YES;
				CLANG_WARN_OBJC_IMPLICIT_RETAIN_SELF = YES;
				CLANG_WARN_OBJC_LITERAL_CONVERSION = YES;
				CLANG_WARN_OBJC_ROOT_CLASS = YES_ERROR;
				CLANG_WARN_QUOTED_INCLUDE_IN_FRAMEWORK_HEADER = YES;
				CLANG_WARN_RANGE_LOOP_ANALYSIS = YES;
				CLANG_WARN_STRICT_PROTOTYPES = YES;
				CLANG_WARN_SUSPICIOUS_MOVE = YES;
				CLANG_WARN_UNGUARDED_AVAILABILITY = YES_AGGRESSIVE;
				CLANG_WARN_UNREACHABLE_CODE = YES;
				CLANG_WARN__DUPLICATE_METHOD_MATCH = YES;
				COPY_PHASE_STRIP = NO;
				DEBUG_INFORMATION_FORMAT = "dwarf-with-dsym";
				ENABLE_NS_ASSERTIONS = NO;
				ENABLE_STRICT_OBJC_MSGSEND = YES;
				GCC_C_LANGUAGE_STANDARD = gnu11;
				GCC_NO_COMMON_BLOCKS = YES;
				GCC_WARN_64_TO_32_BIT_CONVERSION = YES;
				GCC_WARN_ABOUT_RETURN_TYPE = YES_ERROR;
				GCC_WARN_UNDECLARED_SELECTOR = YES;
				GCC_WARN_UNINITIALIZED_AUTOS = YES_AGGRESSIVE;
				GCC_WARN_UNUSED_FUNCTION = YES;
				GCC_WARN_UNUSED_VARIABLE = YES;
				IPHONEOS_DEPLOYMENT_TARGET = 16.1;
				MTL_ENABLE_DEBUG_INFO = NO;
				MTL_FAST_MATH = YES;
				SDKROOT = iphoneos;
				SWIFT_COMPILATION_MODE = wholemodule;
				SWIFT_OPTIMIZATION_LEVEL = "-O";
				VALIDATE_PRODUCT = YES;
			};
			name = Release;
		};
		E4BDA67B2A5C21B700B4DC88 /* Debug */ = {
			isa = XCBuildConfiguration;
			baseConfigurationReference = 7F9018070952E640397C16AB /* Pods-Tracker.debug.xcconfig */;
			buildSettings = {
				ASSETCATALOG_COMPILER_APPICON_NAME = AppIcon;
				ASSETCATALOG_COMPILER_GLOBAL_ACCENT_COLOR_NAME = AccentColor;
				CODE_SIGN_STYLE = Automatic;
				CURRENT_PROJECT_VERSION = 1;
				DEVELOPMENT_TEAM = GCW3JGYN77;
				GENERATE_INFOPLIST_FILE = YES;
				INFOPLIST_FILE = Tracker/Info.plist;
				INFOPLIST_KEY_UIApplicationSupportsIndirectInputEvents = YES;
				INFOPLIST_KEY_UILaunchStoryboardName = LaunchScreen;
				INFOPLIST_KEY_UISupportedInterfaceOrientations = UIInterfaceOrientationPortrait;
				INFOPLIST_KEY_UISupportedInterfaceOrientations_iPad = "UIInterfaceOrientationLandscapeLeft UIInterfaceOrientationLandscapeRight UIInterfaceOrientationPortrait UIInterfaceOrientationPortraitUpsideDown";
				IPHONEOS_DEPLOYMENT_TARGET = 13.4;
				LD_RUNPATH_SEARCH_PATHS = (
					"$(inherited)",
					"@executable_path/Frameworks",
				);
				MARKETING_VERSION = 1.0;
				PRODUCT_BUNDLE_IDENTIFIER = "ru.r-yy.tracker.Tracker";
				PRODUCT_NAME = "$(TARGET_NAME)";
				SUPPORTED_PLATFORMS = "iphoneos iphonesimulator";
				SUPPORTS_MACCATALYST = NO;
				SUPPORTS_MAC_DESIGNED_FOR_IPHONE_IPAD = NO;
				SWIFT_EMIT_LOC_STRINGS = YES;
				SWIFT_VERSION = 5.0;
				TARGETED_DEVICE_FAMILY = 1;
			};
			name = Debug;
		};
		E4BDA67C2A5C21B700B4DC88 /* Release */ = {
			isa = XCBuildConfiguration;
			baseConfigurationReference = 383ACDACCC83B7AD32A6790C /* Pods-Tracker.release.xcconfig */;
			buildSettings = {
				ASSETCATALOG_COMPILER_APPICON_NAME = AppIcon;
				ASSETCATALOG_COMPILER_GLOBAL_ACCENT_COLOR_NAME = AccentColor;
				CODE_SIGN_STYLE = Automatic;
				CURRENT_PROJECT_VERSION = 1;
				DEVELOPMENT_TEAM = GCW3JGYN77;
				GENERATE_INFOPLIST_FILE = YES;
				INFOPLIST_FILE = Tracker/Info.plist;
				INFOPLIST_KEY_UIApplicationSupportsIndirectInputEvents = YES;
				INFOPLIST_KEY_UILaunchStoryboardName = LaunchScreen;
				INFOPLIST_KEY_UISupportedInterfaceOrientations = UIInterfaceOrientationPortrait;
				INFOPLIST_KEY_UISupportedInterfaceOrientations_iPad = "UIInterfaceOrientationLandscapeLeft UIInterfaceOrientationLandscapeRight UIInterfaceOrientationPortrait UIInterfaceOrientationPortraitUpsideDown";
				IPHONEOS_DEPLOYMENT_TARGET = 13.4;
				LD_RUNPATH_SEARCH_PATHS = (
					"$(inherited)",
					"@executable_path/Frameworks",
				);
				MARKETING_VERSION = 1.0;
				PRODUCT_BUNDLE_IDENTIFIER = "ru.r-yy.tracker.Tracker";
				PRODUCT_NAME = "$(TARGET_NAME)";
				SUPPORTED_PLATFORMS = "iphoneos iphonesimulator";
				SUPPORTS_MACCATALYST = NO;
				SUPPORTS_MAC_DESIGNED_FOR_IPHONE_IPAD = NO;
				SWIFT_EMIT_LOC_STRINGS = YES;
				SWIFT_VERSION = 5.0;
				TARGETED_DEVICE_FAMILY = 1;
			};
			name = Release;
		};
/* End XCBuildConfiguration section */

/* Begin XCConfigurationList section */
		E493351B2A82C952004AA246 /* Build configuration list for PBXNativeTarget "TrackerSnapshotTests" */ = {
			isa = XCConfigurationList;
			buildConfigurations = (
				E493351C2A82C952004AA246 /* Debug */,
				E493351D2A82C952004AA246 /* Release */,
			);
			defaultConfigurationIsVisible = 0;
			defaultConfigurationName = Release;
		};
		E4BDA65E2A5C21B600B4DC88 /* Build configuration list for PBXProject "Tracker" */ = {
			isa = XCConfigurationList;
			buildConfigurations = (
				E4BDA6782A5C21B700B4DC88 /* Debug */,
				E4BDA6792A5C21B700B4DC88 /* Release */,
			);
			defaultConfigurationIsVisible = 0;
			defaultConfigurationName = Release;
		};
		E4BDA67A2A5C21B700B4DC88 /* Build configuration list for PBXNativeTarget "Tracker" */ = {
			isa = XCConfigurationList;
			buildConfigurations = (
				E4BDA67B2A5C21B700B4DC88 /* Debug */,
				E4BDA67C2A5C21B700B4DC88 /* Release */,
			);
			defaultConfigurationIsVisible = 0;
			defaultConfigurationName = Release;
		};
/* End XCConfigurationList section */

/* Begin XCRemoteSwiftPackageReference section */
		E493351E2A82C9A3004AA246 /* XCRemoteSwiftPackageReference "swift-snapshot-testing" */ = {
			isa = XCRemoteSwiftPackageReference;
			repositoryURL = "https://github.com/pointfreeco/swift-snapshot-testing";
			requirement = {
				kind = upToNextMinorVersion;
				minimumVersion = 1.9.0;
			};
		};
/* End XCRemoteSwiftPackageReference section */

/* Begin XCSwiftPackageProductDependency section */
		E493351F2A82C9A3004AA246 /* SnapshotTesting */ = {
			isa = XCSwiftPackageProductDependency;
			package = E493351E2A82C9A3004AA246 /* XCRemoteSwiftPackageReference "swift-snapshot-testing" */;
			productName = SnapshotTesting;
		};
/* End XCSwiftPackageProductDependency section */

/* Begin XCVersionGroup section */
		E4BDA66F2A5C21B600B4DC88 /* Tracker.xcdatamodeld */ = {
			isa = XCVersionGroup;
			children = (
				E4BDA6702A5C21B600B4DC88 /* Tracker.xcdatamodel */,
			);
			currentVersion = E4BDA6702A5C21B600B4DC88 /* Tracker.xcdatamodel */;
			path = Tracker.xcdatamodeld;
			sourceTree = "<group>";
			versionGroupType = wrapper.xcdatamodel;
		};
/* End XCVersionGroup section */
	};
	rootObject = E4BDA65B2A5C21B600B4DC88 /* Project object */;
}
